<?xml version="1.0" encoding="utf-8"?>
<Project ToolsVersion="17.0" xmlns="http://schemas.microsoft.com/developer/msbuild/2003">
  <ItemGroup>
    <ClCompile Include="C:\Users\Administrator\Downloads\protobuf-cpp-3.21.9\protobuf-3.21.9\src\google\protobuf\compiler\main.cc">
      <Filter>Source Files</Filter>
    </ClCompile>
  </ItemGroup>
  <ItemGroup>
    <CustomBuild Include="C:\Users\Administrator\Downloads\protobuf-cpp-3.21.9\protobuf-3.21.9\CMakeLists.txt" />
  </ItemGroup>
  <ItemGroup>
    <ResourceCompile Include="C:\Work\WeChatStudy\WeChatGUI\protobuf\version.rc">
      <Filter>Source Files</Filter>
    </ResourceCompile>
  </ItemGroup>
  <ItemGroup>
    <Filter Include="Source Files">
      <UniqueIdentifier>{32A4FCCD-5CC5-3201-8FEC-5D9E49B6A010}</UniqueIdentifier>
    </Filter>
  </ItemGroup>
</Project>
