
Microsoft Visual Studio Solution File, Format Version 12.00
# Visual Studio Version 17
Project("{8BC9CEB8-8B4A-11D0-8D11-00A0C91BC942}") = "ALL_BUILD", "ALL_BUILD.vcxproj", "{2F899888-2BAB-303E-A5EF-2C5527B3281C}"
	ProjectSection(ProjectDependencies) = postProject
		{13B44718-8FAE-35DD-A4FD-901EFDE27BDA} = {13B44718-8FAE-35DD-A4FD-901EFDE27BDA}
		{C71695AE-30AE-334F-A6DD-EC558A505C32} = {C71695AE-30AE-334F-A6DD-EC558A505C32}
		{D364FD2C-2AAD-3635-9F6C-D3294127FBD1} = {D364FD2C-2AAD-3635-9F6C-D3294127FBD1}
		{1BA6F431-65AF-39D8-ACBD-8896493E7577} = {1BA6F431-65AF-39D8-ACBD-8896493E7577}
		{4C0A81A5-A383-34C3-B440-36E1ECE2FB2E} = {4C0A81A5-A383-34C3-B440-36E1ECE2FB2E}
	EndProjectSection
EndProject
Project("{8BC9CEB8-8B4A-11D0-8D11-00A0C91BC942}") = "INSTALL", "INSTALL.vcxproj", "{D4BD3647-0F58-3A66-A15C-2A6BA2565BE9}"
	ProjectSection(ProjectDependencies) = postProject
		{2F899888-2BAB-303E-A5EF-2C5527B3281C} = {2F899888-2BAB-303E-A5EF-2C5527B3281C}
		{13B44718-8FAE-35DD-A4FD-901EFDE27BDA} = {13B44718-8FAE-35DD-A4FD-901EFDE27BDA}
	EndProjectSection
EndProject
Project("{8BC9CEB8-8B4A-11D0-8D11-00A0C91BC942}") = "ZERO_CHECK", "ZERO_CHECK.vcxproj", "{13B44718-8FAE-35DD-A4FD-901EFDE27BDA}"
	ProjectSection(ProjectDependencies) = postProject
	EndProjectSection
EndProject
Project("{8BC9CEB8-8B4A-11D0-8D11-00A0C91BC942}") = "libprotobuf", "libprotobuf.vcxproj", "{C71695AE-30AE-334F-A6DD-EC558A505C32}"
	ProjectSection(ProjectDependencies) = postProject
		{13B44718-8FAE-35DD-A4FD-901EFDE27BDA} = {13B44718-8FAE-35DD-A4FD-901EFDE27BDA}
	EndProjectSection
EndProject
Project("{8BC9CEB8-8B4A-11D0-8D11-00A0C91BC942}") = "libprotobuf-lite", "libprotobuf-lite.vcxproj", "{D364FD2C-2AAD-3635-9F6C-D3294127FBD1}"
	ProjectSection(ProjectDependencies) = postProject
		{13B44718-8FAE-35DD-A4FD-901EFDE27BDA} = {13B44718-8FAE-35DD-A4FD-901EFDE27BDA}
	EndProjectSection
EndProject
Project("{8BC9CEB8-8B4A-11D0-8D11-00A0C91BC942}") = "libprotoc", "libprotoc.vcxproj", "{1BA6F431-65AF-39D8-ACBD-8896493E7577}"
	ProjectSection(ProjectDependencies) = postProject
		{13B44718-8FAE-35DD-A4FD-901EFDE27BDA} = {13B44718-8FAE-35DD-A4FD-901EFDE27BDA}
		{C71695AE-30AE-334F-A6DD-EC558A505C32} = {C71695AE-30AE-334F-A6DD-EC558A505C32}
	EndProjectSection
EndProject
Project("{8BC9CEB8-8B4A-11D0-8D11-00A0C91BC942}") = "protoc", "protoc.vcxproj", "{4C0A81A5-A383-34C3-B440-36E1ECE2FB2E}"
	ProjectSection(ProjectDependencies) = postProject
		{13B44718-8FAE-35DD-A4FD-901EFDE27BDA} = {13B44718-8FAE-35DD-A4FD-901EFDE27BDA}
		{C71695AE-30AE-334F-A6DD-EC558A505C32} = {C71695AE-30AE-334F-A6DD-EC558A505C32}
		{1BA6F431-65AF-39D8-ACBD-8896493E7577} = {1BA6F431-65AF-39D8-ACBD-8896493E7577}
	EndProjectSection
EndProject
Global
	GlobalSection(SolutionConfigurationPlatforms) = preSolution
		Debug|Win32 = Debug|Win32
		Release|Win32 = Release|Win32
		MinSizeRel|Win32 = MinSizeRel|Win32
		RelWithDebInfo|Win32 = RelWithDebInfo|Win32
	EndGlobalSection
	GlobalSection(ProjectConfigurationPlatforms) = postSolution
		{2F899888-2BAB-303E-A5EF-2C5527B3281C}.Debug|Win32.ActiveCfg = Debug|Win32
		{2F899888-2BAB-303E-A5EF-2C5527B3281C}.Debug|Win32.Build.0 = Debug|Win32
		{2F899888-2BAB-303E-A5EF-2C5527B3281C}.Release|Win32.ActiveCfg = Release|Win32
		{2F899888-2BAB-303E-A5EF-2C5527B3281C}.Release|Win32.Build.0 = Release|Win32
		{2F899888-2BAB-303E-A5EF-2C5527B3281C}.MinSizeRel|Win32.ActiveCfg = MinSizeRel|Win32
		{2F899888-2BAB-303E-A5EF-2C5527B3281C}.MinSizeRel|Win32.Build.0 = MinSizeRel|Win32
		{2F899888-2BAB-303E-A5EF-2C5527B3281C}.RelWithDebInfo|Win32.ActiveCfg = RelWithDebInfo|Win32
		{2F899888-2BAB-303E-A5EF-2C5527B3281C}.RelWithDebInfo|Win32.Build.0 = RelWithDebInfo|Win32
		{D4BD3647-0F58-3A66-A15C-2A6BA2565BE9}.Debug|Win32.ActiveCfg = Debug|Win32
		{D4BD3647-0F58-3A66-A15C-2A6BA2565BE9}.Release|Win32.ActiveCfg = Release|Win32
		{D4BD3647-0F58-3A66-A15C-2A6BA2565BE9}.MinSizeRel|Win32.ActiveCfg = MinSizeRel|Win32
		{D4BD3647-0F58-3A66-A15C-2A6BA2565BE9}.RelWithDebInfo|Win32.ActiveCfg = RelWithDebInfo|Win32
		{13B44718-8FAE-35DD-A4FD-901EFDE27BDA}.Debug|Win32.ActiveCfg = Debug|Win32
		{13B44718-8FAE-35DD-A4FD-901EFDE27BDA}.Debug|Win32.Build.0 = Debug|Win32
		{13B44718-8FAE-35DD-A4FD-901EFDE27BDA}.Release|Win32.ActiveCfg = Release|Win32
		{13B44718-8FAE-35DD-A4FD-901EFDE27BDA}.Release|Win32.Build.0 = Release|Win32
		{13B44718-8FAE-35DD-A4FD-901EFDE27BDA}.MinSizeRel|Win32.ActiveCfg = MinSizeRel|Win32
		{13B44718-8FAE-35DD-A4FD-901EFDE27BDA}.MinSizeRel|Win32.Build.0 = MinSizeRel|Win32
		{13B44718-8FAE-35DD-A4FD-901EFDE27BDA}.RelWithDebInfo|Win32.ActiveCfg = RelWithDebInfo|Win32
		{13B44718-8FAE-35DD-A4FD-901EFDE27BDA}.RelWithDebInfo|Win32.Build.0 = RelWithDebInfo|Win32
		{C71695AE-30AE-334F-A6DD-EC558A505C32}.Debug|Win32.ActiveCfg = Debug|Win32
		{C71695AE-30AE-334F-A6DD-EC558A505C32}.Debug|Win32.Build.0 = Debug|Win32
		{C71695AE-30AE-334F-A6DD-EC558A505C32}.Release|Win32.ActiveCfg = Release|Win32
		{C71695AE-30AE-334F-A6DD-EC558A505C32}.Release|Win32.Build.0 = Release|Win32
		{C71695AE-30AE-334F-A6DD-EC558A505C32}.MinSizeRel|Win32.ActiveCfg = MinSizeRel|Win32
		{C71695AE-30AE-334F-A6DD-EC558A505C32}.MinSizeRel|Win32.Build.0 = MinSizeRel|Win32
		{C71695AE-30AE-334F-A6DD-EC558A505C32}.RelWithDebInfo|Win32.ActiveCfg = RelWithDebInfo|Win32
		{C71695AE-30AE-334F-A6DD-EC558A505C32}.RelWithDebInfo|Win32.Build.0 = RelWithDebInfo|Win32
		{D364FD2C-2AAD-3635-9F6C-D3294127FBD1}.Debug|Win32.ActiveCfg = Debug|Win32
		{D364FD2C-2AAD-3635-9F6C-D3294127FBD1}.Debug|Win32.Build.0 = Debug|Win32
		{D364FD2C-2AAD-3635-9F6C-D3294127FBD1}.Release|Win32.ActiveCfg = Release|Win32
		{D364FD2C-2AAD-3635-9F6C-D3294127FBD1}.Release|Win32.Build.0 = Release|Win32
		{D364FD2C-2AAD-3635-9F6C-D3294127FBD1}.MinSizeRel|Win32.ActiveCfg = MinSizeRel|Win32
		{D364FD2C-2AAD-3635-9F6C-D3294127FBD1}.MinSizeRel|Win32.Build.0 = MinSizeRel|Win32
		{D364FD2C-2AAD-3635-9F6C-D3294127FBD1}.RelWithDebInfo|Win32.ActiveCfg = RelWithDebInfo|Win32
		{D364FD2C-2AAD-3635-9F6C-D3294127FBD1}.RelWithDebInfo|Win32.Build.0 = RelWithDebInfo|Win32
		{1BA6F431-65AF-39D8-ACBD-8896493E7577}.Debug|Win32.ActiveCfg = Debug|Win32
		{1BA6F431-65AF-39D8-ACBD-8896493E7577}.Debug|Win32.Build.0 = Debug|Win32
		{1BA6F431-65AF-39D8-ACBD-8896493E7577}.Release|Win32.ActiveCfg = Release|Win32
		{1BA6F431-65AF-39D8-ACBD-8896493E7577}.Release|Win32.Build.0 = Release|Win32
		{1BA6F431-65AF-39D8-ACBD-8896493E7577}.MinSizeRel|Win32.ActiveCfg = MinSizeRel|Win32
		{1BA6F431-65AF-39D8-ACBD-8896493E7577}.MinSizeRel|Win32.Build.0 = MinSizeRel|Win32
		{1BA6F431-65AF-39D8-ACBD-8896493E7577}.RelWithDebInfo|Win32.ActiveCfg = RelWithDebInfo|Win32
		{1BA6F431-65AF-39D8-ACBD-8896493E7577}.RelWithDebInfo|Win32.Build.0 = RelWithDebInfo|Win32
		{4C0A81A5-A383-34C3-B440-36E1ECE2FB2E}.Debug|Win32.ActiveCfg = Debug|Win32
		{4C0A81A5-A383-34C3-B440-36E1ECE2FB2E}.Debug|Win32.Build.0 = Debug|Win32
		{4C0A81A5-A383-34C3-B440-36E1ECE2FB2E}.Release|Win32.ActiveCfg = Release|Win32
		{4C0A81A5-A383-34C3-B440-36E1ECE2FB2E}.Release|Win32.Build.0 = Release|Win32
		{4C0A81A5-A383-34C3-B440-36E1ECE2FB2E}.MinSizeRel|Win32.ActiveCfg = MinSizeRel|Win32
		{4C0A81A5-A383-34C3-B440-36E1ECE2FB2E}.MinSizeRel|Win32.Build.0 = MinSizeRel|Win32
		{4C0A81A5-A383-34C3-B440-36E1ECE2FB2E}.RelWithDebInfo|Win32.ActiveCfg = RelWithDebInfo|Win32
		{4C0A81A5-A383-34C3-B440-36E1ECE2FB2E}.RelWithDebInfo|Win32.Build.0 = RelWithDebInfo|Win32
	EndGlobalSection
	GlobalSection(ExtensibilityGlobals) = postSolution
		SolutionGuid = {7962FA0E-9EB4-3304-98F4-13E52317B391}
	EndGlobalSection
	GlobalSection(ExtensibilityAddIns) = postSolution
	EndGlobalSection
EndGlobal
